
Microsoft Visual Studio Solution File, Format Version 12.00
Project("{FAE04EC0-301F-11D3-BF4B-00C04F79EFBC}") = "SearchApp", "SearchApp\SearchApp.csproj", "{A6D4057A-35EE-4E93-A481-96C5A7ED887C}"
EndProject
Project("{FAE04EC0-301F-11D3-BF4B-00C04F79EFBC}") = "SampleLibrary", "SampleLibrary\SampleLibrary.csproj", "{B629D2F6-7041-4274-A1CB-1B5FD47CBA44}"
EndProject
Project("{FAE04EC0-301F-11D3-BF4B-00C04F79EFBC}") = "SampleLibrary.Test", "SampleLibrary.Test\SampleLibrary.Test.csproj", "{EF26D3A2-B76B-431F-8F7E-EF47988477E4}"
EndProject
Global
	GlobalSection(SolutionConfigurationPlatforms) = preSolution
		Debug|Any CPU = Debug|Any CPU
		Release|Any CPU = Release|Any CPU
	EndGlobalSection
	GlobalSection(ProjectConfigurationPlatforms) = postSolution
		{A6D4057A-35EE-4E93-A481-96C5A7ED887C}.Debug|Any CPU.ActiveCfg = Debug|Any CPU
		{A6D4057A-35EE-4E93-A481-96C5A7ED887C}.Debug|Any CPU.Build.0 = Debug|Any CPU
		{A6D4057A-35EE-4E93-A481-96C5A7ED887C}.Release|Any CPU.ActiveCfg = Release|Any CPU
		{A6D4057A-35EE-4E93-A481-96C5A7ED887C}.Release|Any CPU.Build.0 = Release|Any CPU
		{B629D2F6-7041-4274-A1CB-1B5FD47CBA44}.Debug|Any CPU.ActiveCfg = Debug|Any CPU
		{B629D2F6-7041-4274-A1CB-1B5FD47CBA44}.Debug|Any CPU.Build.0 = Debug|Any CPU
		{B629D2F6-7041-4274-A1CB-1B5FD47CBA44}.Release|Any CPU.ActiveCfg = Release|Any CPU
		{B629D2F6-7041-4274-A1CB-1B5FD47CBA44}.Release|Any CPU.Build.0 = Release|Any CPU
		{EF26D3A2-B76B-431F-8F7E-EF47988477E4}.Debug|Any CPU.ActiveCfg = Debug|Any CPU
		{EF26D3A2-B76B-431F-8F7E-EF47988477E4}.Debug|Any CPU.Build.0 = Debug|Any CPU
		{EF26D3A2-B76B-431F-8F7E-EF47988477E4}.Release|Any CPU.ActiveCfg = Release|Any CPU
		{EF26D3A2-B76B-431F-8F7E-EF47988477E4}.Release|Any CPU.Build.0 = Release|Any CPU
	EndGlobalSection
EndGlobal
